// !$*UTF8*$!
{
	archiveVersion = 1;
	classes = {
	};
	objectVersion = 46;
	objects = {

/* Begin PBXBuildFile section */
		E24DC6A41E65BD0E00C230AB /* UITextField.swift in Sources */ = {isa = PBXBuildFile; fileRef = E24DC6A31E65BD0E00C230AB /* UITextField.swift */; };
		E24DC6A61E65BDA400C230AB /* UITextView.swift in Sources */ = {isa = PBXBuildFile; fileRef = E24DC6A51E65BDA400C230AB /* UITextView.swift */; };
		E24DC6A81E65BF6F00C230AB /* UILabel.swift in Sources */ = {isa = PBXBuildFile; fileRef = E24DC6A71E65BF6F00C230AB /* UILabel.swift */; };
		E24DC6AA1E65C06400C230AB /* UIButton.swift in Sources */ = {isa = PBXBuildFile; fileRef = E24DC6A91E65C06400C230AB /* UIButton.swift */; };
		E24DC6AC1E65C8AC00C230AB /* Settings.swift in Sources */ = {isa = PBXBuildFile; fileRef = E24DC6AB1E65C8AC00C230AB /* Settings.swift */; };
		E2B846AF1E6584AE00570522 /* UIColor.swift in Sources */ = {isa = PBXBuildFile; fileRef = E2B846AE1E6584AE00570522 /* UIColor.swift */; };
		E2B846B11E658CE700570522 /* HeaderCollectionReusableView.swift in Sources */ = {isa = PBXBuildFile; fileRef = E2B846B01E658CE700570522 /* HeaderCollectionReusableView.swift */; };
		E2B846B31E6590C400570522 /* FooterCollectionReusableView.swift in Sources */ = {isa = PBXBuildFile; fileRef = E2B846B21E6590C400570522 /* FooterCollectionReusableView.swift */; };
		E2B846B51E65998800570522 /* HistoryTableViewCell.swift in Sources */ = {isa = PBXBuildFile; fileRef = E2B846B41E65998800570522 /* HistoryTableViewCell.swift */; };
		E2D4BC311E649DB2003DEC8E /* CoreDataController.swift in Sources */ = {isa = PBXBuildFile; fileRef = E2D4BC301E649DB2003DEC8E /* CoreDataController.swift */; };
		E2D4BC361E64C26A003DEC8E /* CD_SearchHistoryItem+CoreDataProperties.swift in Sources */ = {isa = PBXBuildFile; fileRef = E2D4BC341E64C26A003DEC8E /* CD_SearchHistoryItem+CoreDataProperties.swift */; };
		E2D4BC371E64C26A003DEC8E /* CD_SearchHistoryItem.swift in Sources */ = {isa = PBXBuildFile; fileRef = E2D4BC351E64C26A003DEC8E /* CD_SearchHistoryItem.swift */; };
		E2D4BC391E64CCFC003DEC8E /* ServiceTracker.swift in Sources */ = {isa = PBXBuildFile; fileRef = E2D4BC381E64CCFC003DEC8E /* ServiceTracker.swift */; };
		E2D4BC3B1E64E6F4003DEC8E /* FlickrService.swift in Sources */ = {isa = PBXBuildFile; fileRef = E2D4BC3A1E64E6F4003DEC8E /* FlickrService.swift */; };
		E2D4BC3F1E64E9FF003DEC8E /* FlickrPhoto.swift in Sources */ = {isa = PBXBuildFile; fileRef = E2D4BC3E1E64E9FF003DEC8E /* FlickrPhoto.swift */; };
		E2D4BC411E64EB96003DEC8E /* Photo.swift in Sources */ = {isa = PBXBuildFile; fileRef = E2D4BC401E64EB96003DEC8E /* Photo.swift */; };
		E2DE987C1E644049008B4D78 /* AppDelegate.swift in Sources */ = {isa = PBXBuildFile; fileRef = E2DE987B1E644049008B4D78 /* AppDelegate.swift */; };
		E2DE98841E644049008B4D78 /* PhotoViewer.xcdatamodeld in Sources */ = {isa = PBXBuildFile; fileRef = E2DE98821E644049008B4D78 /* PhotoViewer.xcdatamodeld */; };
		E2DE98861E644049008B4D78 /* Assets.xcassets in Resources */ = {isa = PBXBuildFile; fileRef = E2DE98851E644049008B4D78 /* Assets.xcassets */; };
		E2DE98891E644049008B4D78 /* LaunchScreen.storyboard in Resources */ = {isa = PBXBuildFile; fileRef = E2DE98871E644049008B4D78 /* LaunchScreen.storyboard */; };
		E2DE98911E6443F3008B4D78 /* Main.storyboard in Resources */ = {isa = PBXBuildFile; fileRef = E2DE98901E6443F3008B4D78 /* Main.storyboard */; };
		E2DE98931E6443FE008B4D78 /* SearchViewController.swift in Sources */ = {isa = PBXBuildFile; fileRef = E2DE98921E6443FE008B4D78 /* SearchViewController.swift */; };
		E2DE98981E644875008B4D78 /* SearchResultsViewController.swift in Sources */ = {isa = PBXBuildFile; fileRef = E2DE98971E644875008B4D78 /* SearchResultsViewController.swift */; };
		E2DE989A1E644F20008B4D78 /* SessionManager.swift in Sources */ = {isa = PBXBuildFile; fileRef = E2DE98991E644F20008B4D78 /* SessionManager.swift */; };
		E2DE989C1E644FB7008B4D78 /* Components.swift in Sources */ = {isa = PBXBuildFile; fileRef = E2DE989B1E644FB7008B4D78 /* Components.swift */; };
		E2DE989E1E645005008B4D78 /* Service.swift in Sources */ = {isa = PBXBuildFile; fileRef = E2DE989D1E645005008B4D78 /* Service.swift */; };
		E2DE98A21E645211008B4D78 /* InstagramService.swift in Sources */ = {isa = PBXBuildFile; fileRef = E2DE98A11E645211008B4D78 /* InstagramService.swift */; };
		E2DE98A41E64523F008B4D78 /* Constants.swift in Sources */ = {isa = PBXBuildFile; fileRef = E2DE98A31E64523F008B4D78 /* Constants.swift */; };
		E2DE98A61E645422008B4D78 /* Loader.swift in Sources */ = {isa = PBXBuildFile; fileRef = E2DE98A51E645422008B4D78 /* Loader.swift */; };
		E2DE98A81E645573008B4D78 /* InstagramPhoto.swift in Sources */ = {isa = PBXBuildFile; fileRef = E2DE98A71E645573008B4D78 /* InstagramPhoto.swift */; };
		E2DE98AB1E6481E9008B4D78 /* SearchResultsCollectionViewCell.swift in Sources */ = {isa = PBXBuildFile; fileRef = E2DE98AA1E6481E9008B4D78 /* SearchResultsCollectionViewCell.swift */; };
		E2DE98AE1E6484F9008B4D78 /* PhotoViewController.swift in Sources */ = {isa = PBXBuildFile; fileRef = E2DE98AD1E6484F9008B4D78 /* PhotoViewController.swift */; };
/* End PBXBuildFile section */

/* Begin PBXFileReference section */
		E24DC6A31E65BD0E00C230AB /* UITextField.swift */ = {isa = PBXFileReference; fileEncoding = 4; lastKnownFileType = sourcecode.swift; path = UITextField.swift; sourceTree = "<group>"; };
		E24DC6A51E65BDA400C230AB /* UITextView.swift */ = {isa = PBXFileReference; fileEncoding = 4; lastKnownFileType = sourcecode.swift; path = UITextView.swift; sourceTree = "<group>"; };
		E24DC6A71E65BF6F00C230AB /* UILabel.swift */ = {isa = PBXFileReference; fileEncoding = 4; lastKnownFileType = sourcecode.swift; path = UILabel.swift; sourceTree = "<group>"; };
		E24DC6A91E65C06400C230AB /* UIButton.swift */ = {isa = PBXFileReference; fileEncoding = 4; lastKnownFileType = sourcecode.swift; path = UIButton.swift; sourceTree = "<group>"; };
		E24DC6AB1E65C8AC00C230AB /* Settings.swift */ = {isa = PBXFileReference; fileEncoding = 4; lastKnownFileType = sourcecode.swift; path = Settings.swift; sourceTree = "<group>"; };
		E2B846AE1E6584AE00570522 /* UIColor.swift */ = {isa = PBXFileReference; fileEncoding = 4; lastKnownFileType = sourcecode.swift; path = UIColor.swift; sourceTree = "<group>"; };
		E2B846B01E658CE700570522 /* HeaderCollectionReusableView.swift */ = {isa = PBXFileReference; fileEncoding = 4; lastKnownFileType = sourcecode.swift; path = HeaderCollectionReusableView.swift; sourceTree = "<group>"; };
		E2B846B21E6590C400570522 /* FooterCollectionReusableView.swift */ = {isa = PBXFileReference; fileEncoding = 4; lastKnownFileType = sourcecode.swift; path = FooterCollectionReusableView.swift; sourceTree = "<group>"; };
		E2B846B41E65998800570522 /* HistoryTableViewCell.swift */ = {isa = PBXFileReference; fileEncoding = 4; lastKnownFileType = sourcecode.swift; path = HistoryTableViewCell.swift; sourceTree = "<group>"; };
		E2D4BC301E649DB2003DEC8E /* CoreDataController.swift */ = {isa = PBXFileReference; fileEncoding = 4; lastKnownFileType = sourcecode.swift; path = CoreDataController.swift; sourceTree = "<group>"; };
		E2D4BC341E64C26A003DEC8E /* CD_SearchHistoryItem+CoreDataProperties.swift */ = {isa = PBXFileReference; fileEncoding = 4; lastKnownFileType = sourcecode.swift; path = "CD_SearchHistoryItem+CoreDataProperties.swift"; sourceTree = "<group>"; };
		E2D4BC351E64C26A003DEC8E /* CD_SearchHistoryItem.swift */ = {isa = PBXFileReference; fileEncoding = 4; lastKnownFileType = sourcecode.swift; path = CD_SearchHistoryItem.swift; sourceTree = "<group>"; };
		E2D4BC381E64CCFC003DEC8E /* ServiceTracker.swift */ = {isa = PBXFileReference; fileEncoding = 4; lastKnownFileType = sourcecode.swift; path = ServiceTracker.swift; sourceTree = "<group>"; };
		E2D4BC3A1E64E6F4003DEC8E /* FlickrService.swift */ = {isa = PBXFileReference; fileEncoding = 4; lastKnownFileType = sourcecode.swift; path = FlickrService.swift; sourceTree = "<group>"; };
		E2D4BC3E1E64E9FF003DEC8E /* FlickrPhoto.swift */ = {isa = PBXFileReference; fileEncoding = 4; lastKnownFileType = sourcecode.swift; path = FlickrPhoto.swift; sourceTree = "<group>"; };
		E2D4BC401E64EB96003DEC8E /* Photo.swift */ = {isa = PBXFileReference; fileEncoding = 4; lastKnownFileType = sourcecode.swift; path = Photo.swift; sourceTree = "<group>"; };
		E2DE98781E644049008B4D78 /* PhotoViewer.app */ = {isa = PBXFileReference; explicitFileType = wrapper.application; includeInIndex = 0; path = PhotoViewer.app; sourceTree = BUILT_PRODUCTS_DIR; };
		E2DE987B1E644049008B4D78 /* AppDelegate.swift */ = {isa = PBXFileReference; lastKnownFileType = sourcecode.swift; path = AppDelegate.swift; sourceTree = "<group>"; };
		E2DE98831E644049008B4D78 /* PhotoViewer.xcdatamodel */ = {isa = PBXFileReference; lastKnownFileType = wrapper.xcdatamodel; path = PhotoViewer.xcdatamodel; sourceTree = "<group>"; };
		E2DE98851E644049008B4D78 /* Assets.xcassets */ = {isa = PBXFileReference; lastKnownFileType = folder.assetcatalog; path = Assets.xcassets; sourceTree = "<group>"; };
		E2DE98881E644049008B4D78 /* Base */ = {isa = PBXFileReference; lastKnownFileType = file.storyboard; name = Base; path = Base.lproj/LaunchScreen.storyboard; sourceTree = "<group>"; };
		E2DE988A1E644049008B4D78 /* Info.plist */ = {isa = PBXFileReference; lastKnownFileType = text.plist.xml; path = Info.plist; sourceTree = "<group>"; };
		E2DE98901E6443F3008B4D78 /* Main.storyboard */ = {isa = PBXFileReference; fileEncoding = 4; lastKnownFileType = file.storyboard; path = Main.storyboard; sourceTree = "<group>"; };
		E2DE98921E6443FE008B4D78 /* SearchViewController.swift */ = {isa = PBXFileReference; fileEncoding = 4; lastKnownFileType = sourcecode.swift; path = SearchViewController.swift; sourceTree = "<group>"; };
		E2DE98971E644875008B4D78 /* SearchResultsViewController.swift */ = {isa = PBXFileReference; fileEncoding = 4; lastKnownFileType = sourcecode.swift; path = SearchResultsViewController.swift; sourceTree = "<group>"; };
		E2DE98991E644F20008B4D78 /* SessionManager.swift */ = {isa = PBXFileReference; fileEncoding = 4; lastKnownFileType = sourcecode.swift; path = SessionManager.swift; sourceTree = "<group>"; };
		E2DE989B1E644FB7008B4D78 /* Components.swift */ = {isa = PBXFileReference; fileEncoding = 4; lastKnownFileType = sourcecode.swift; path = Components.swift; sourceTree = "<group>"; };
		E2DE989D1E645005008B4D78 /* Service.swift */ = {isa = PBXFileReference; fileEncoding = 4; lastKnownFileType = sourcecode.swift; path = Service.swift; sourceTree = "<group>"; };
		E2DE98A11E645211008B4D78 /* InstagramService.swift */ = {isa = PBXFileReference; fileEncoding = 4; lastKnownFileType = sourcecode.swift; path = InstagramService.swift; sourceTree = "<group>"; };
		E2DE98A31E64523F008B4D78 /* Constants.swift */ = {isa = PBXFileReference; fileEncoding = 4; lastKnownFileType = sourcecode.swift; path = Constants.swift; sourceTree = "<group>"; };
		E2DE98A51E645422008B4D78 /* Loader.swift */ = {isa = PBXFileReference; fileEncoding = 4; lastKnownFileType = sourcecode.swift; path = Loader.swift; sourceTree = "<group>"; };
		E2DE98A71E645573008B4D78 /* InstagramPhoto.swift */ = {isa = PBXFileReference; fileEncoding = 4; lastKnownFileType = sourcecode.swift; path = InstagramPhoto.swift; sourceTree = "<group>"; };
		E2DE98AA1E6481E9008B4D78 /* SearchResultsCollectionViewCell.swift */ = {isa = PBXFileReference; fileEncoding = 4; lastKnownFileType = sourcecode.swift; path = SearchResultsCollectionViewCell.swift; sourceTree = "<group>"; };
		E2DE98AD1E6484F9008B4D78 /* PhotoViewController.swift */ = {isa = PBXFileReference; fileEncoding = 4; lastKnownFileType = sourcecode.swift; path = PhotoViewController.swift; sourceTree = "<group>"; };
/* End PBXFileReference section */

/* Begin PBXFrameworksBuildPhase section */
		E2DE98751E644049008B4D78 /* Frameworks */ = {
			isa = PBXFrameworksBuildPhase;
			buildActionMask = 2147483647;
			files = (
			);
			runOnlyForDeploymentPostprocessing = 0;
		};
/* End PBXFrameworksBuildPhase section */

/* Begin PBXGroup section */
		E2D4BC3C1E64E7E0003DEC8E /* Instagram */ = {
			isa = PBXGroup;
			children = (
				E2DE98A11E645211008B4D78 /* InstagramService.swift */,
			);
			name = Instagram;
			sourceTree = "<group>";
		};
		E2D4BC3D1E64E7E9003DEC8E /* Flickr */ = {
			isa = PBXGroup;
			children = (
				E2D4BC3A1E64E6F4003DEC8E /* FlickrService.swift */,
			);
			name = Flickr;
			sourceTree = "<group>";
		};
		E2DE986F1E644049008B4D78 = {
			isa = PBXGroup;
			children = (
				E2DE987A1E644049008B4D78 /* PhotoViewer */,
				E2DE98791E644049008B4D78 /* Products */,
			);
			sourceTree = "<group>";
		};
		E2DE98791E644049008B4D78 /* Products */ = {
			isa = PBXGroup;
			children = (
				E2DE98781E644049008B4D78 /* PhotoViewer.app */,
			);
			name = Products;
			sourceTree = "<group>";
		};
		E2DE987A1E644049008B4D78 /* PhotoViewer */ = {
			isa = PBXGroup;
			children = (
				E2DE987B1E644049008B4D78 /* AppDelegate.swift */,
				E2DE989F1E6451CC008B4D78 /* API */,
				E2DE98A91E64557D008B4D78 /* Utilities */,
				E2DE98A01E6451DC008B4D78 /* Common */,
				E2DE98B11E649B66008B4D78 /* Categories */,
				E2DE98941E6444DD008B4D78 /* UI */,
				E2DE98951E6444E4008B4D78 /* CoreData */,
				E2DE98851E644049008B4D78 /* Assets.xcassets */,
				E2DE98961E6444F1008B4D78 /* Support */,
			);
			path = PhotoViewer;
			sourceTree = "<group>";
		};
		E2DE98941E6444DD008B4D78 /* UI */ = {
			isa = PBXGroup;
			children = (
				E2DE98871E644049008B4D78 /* LaunchScreen.storyboard */,
				E2DE98901E6443F3008B4D78 /* Main.storyboard */,
				E2DE98921E6443FE008B4D78 /* SearchViewController.swift */,
				E2DE98971E644875008B4D78 /* SearchResultsViewController.swift */,
				E2DE98AD1E6484F9008B4D78 /* PhotoViewController.swift */,
				E2DE98AC1E6481EF008B4D78 /* Custom */,
			);
			name = UI;
			sourceTree = "<group>";
		};
		E2DE98951E6444E4008B4D78 /* CoreData */ = {
			isa = PBXGroup;
			children = (
				E2D4BC301E649DB2003DEC8E /* CoreDataController.swift */,
				E2DE98821E644049008B4D78 /* PhotoViewer.xcdatamodeld */,
				E2D4BC341E64C26A003DEC8E /* CD_SearchHistoryItem+CoreDataProperties.swift */,
				E2D4BC351E64C26A003DEC8E /* CD_SearchHistoryItem.swift */,
			);
			name = CoreData;
			sourceTree = "<group>";
		};
		E2DE98961E6444F1008B4D78 /* Support */ = {
			isa = PBXGroup;
			children = (
				E2DE988A1E644049008B4D78 /* Info.plist */,
			);
			name = Support;
			sourceTree = "<group>";
		};
		E2DE989F1E6451CC008B4D78 /* API */ = {
			isa = PBXGroup;
			children = (
				E2DE98991E644F20008B4D78 /* SessionManager.swift */,
				E2D4BC381E64CCFC003DEC8E /* ServiceTracker.swift */,
				E2DE989D1E645005008B4D78 /* Service.swift */,
				E2D4BC3C1E64E7E0003DEC8E /* Instagram */,
				E2D4BC3D1E64E7E9003DEC8E /* Flickr */,
			);
			name = API;
			sourceTree = "<group>";
		};
		E2DE98A01E6451DC008B4D78 /* Common */ = {
			isa = PBXGroup;
			children = (
				E2DE98A31E64523F008B4D78 /* Constants.swift */,
				E2DE989B1E644FB7008B4D78 /* Components.swift */,
				E2DE98A51E645422008B4D78 /* Loader.swift */,
				E24DC6AB1E65C8AC00C230AB /* Settings.swift */,
			);
			name = Common;
			sourceTree = "<group>";
		};
		E2DE98A91E64557D008B4D78 /* Utilities */ = {
			isa = PBXGroup;
			children = (
				E2D4BC401E64EB96003DEC8E /* Photo.swift */,
				E2DE98A71E645573008B4D78 /* InstagramPhoto.swift */,
				E2D4BC3E1E64E9FF003DEC8E /* FlickrPhoto.swift */,
			);
			name = Utilities;
			sourceTree = "<group>";
		};
		E2DE98AC1E6481EF008B4D78 /* Custom */ = {
			isa = PBXGroup;
			children = (
				E2DE98AA1E6481E9008B4D78 /* SearchResultsCollectionViewCell.swift */,
				E2B846B01E658CE700570522 /* HeaderCollectionReusableView.swift */,
				E2B846B21E6590C400570522 /* FooterCollectionReusableView.swift */,
				E2B846B41E65998800570522 /* HistoryTableViewCell.swift */,
			);
			name = Custom;
			sourceTree = "<group>";
		};
		E2DE98B11E649B66008B4D78 /* Categories */ = {
			isa = PBXGroup;
			children = (
				E2B846AE1E6584AE00570522 /* UIColor.swift */,
				E24DC6A31E65BD0E00C230AB /* UITextField.swift */,
				E24DC6A51E65BDA400C230AB /* UITextView.swift */,
				E24DC6A71E65BF6F00C230AB /* UILabel.swift */,
				E24DC6A91E65C06400C230AB /* UIButton.swift */,
			);
			name = Categories;
			sourceTree = "<group>";
		};
/* End PBXGroup section */

/* Begin PBXNativeTarget section */
		E2DE98771E644049008B4D78 /* PhotoViewer */ = {
			isa = PBXNativeTarget;
			buildConfigurationList = E2DE988D1E644049008B4D78 /* Build configuration list for PBXNativeTarget "PhotoViewer" */;
			buildPhases = (
				E2DE98741E644049008B4D78 /* Sources */,
				E2DE98751E644049008B4D78 /* Frameworks */,
				E2DE98761E644049008B4D78 /* Resources */,
			);
			buildRules = (
			);
			dependencies = (
			);
			name = PhotoViewer;
			productName = PhotoViewer;
			productReference = E2DE98781E644049008B4D78 /* PhotoViewer.app */;
			productType = "com.apple.product-type.application";
		};
/* End PBXNativeTarget section */

/* Begin PBXProject section */
		E2DE98701E644049008B4D78 /* Project object */ = {
			isa = PBXProject;
			attributes = {
				LastSwiftUpdateCheck = 0730;
				LastUpgradeCheck = 0730;
				ORGANIZATIONNAME = "Rogelio Martinez Kobashi";
				TargetAttributes = {
					E2DE98771E644049008B4D78 = {
						CreatedOnToolsVersion = 7.3.1;
					};
				};
			};
			buildConfigurationList = E2DE98731E644049008B4D78 /* Build configuration list for PBXProject "PhotoViewer" */;
			compatibilityVersion = "Xcode 3.2";
			developmentRegion = English;
			hasScannedForEncodings = 0;
			knownRegions = (
				en,
				Base,
			);
			mainGroup = E2DE986F1E644049008B4D78;
			productRefGroup = E2DE98791E644049008B4D78 /* Products */;
			projectDirPath = "";
			projectRoot = "";
			targets = (
				E2DE98771E644049008B4D78 /* PhotoViewer */,
			);
		};
/* End PBXProject section */

/* Begin PBXResourcesBuildPhase section */
		E2DE98761E644049008B4D78 /* Resources */ = {
			isa = PBXResourcesBuildPhase;
			buildActionMask = 2147483647;
			files = (
				E2DE98911E6443F3008B4D78 /* Main.storyboard in Resources */,
				E2DE98891E644049008B4D78 /* LaunchScreen.storyboard in Resources */,
				E2DE98861E644049008B4D78 /* Assets.xcassets in Resources */,
			);
			runOnlyForDeploymentPostprocessing = 0;
		};
/* End PBXResourcesBuildPhase section */

/* Begin PBXSourcesBuildPhase section */
		E2DE98741E644049008B4D78 /* Sources */ = {
			isa = PBXSourcesBuildPhase;
			buildActionMask = 2147483647;
			files = (
				E2D4BC371E64C26A003DEC8E /* CD_SearchHistoryItem.swift in Sources */,
				E2B846AF1E6584AE00570522 /* UIColor.swift in Sources */,
				E24DC6A81E65BF6F00C230AB /* UILabel.swift in Sources */,
				E2D4BC3F1E64E9FF003DEC8E /* FlickrPhoto.swift in Sources */,
				E2DE98A21E645211008B4D78 /* InstagramService.swift in Sources */,
				E24DC6A61E65BDA400C230AB /* UITextView.swift in Sources */,
				E2DE989E1E645005008B4D78 /* Service.swift in Sources */,
				E24DC6A41E65BD0E00C230AB /* UITextField.swift in Sources */,
				E2DE98931E6443FE008B4D78 /* SearchViewController.swift in Sources */,
				E24DC6AA1E65C06400C230AB /* UIButton.swift in Sources */,
				E2DE989C1E644FB7008B4D78 /* Components.swift in Sources */,
				E2D4BC311E649DB2003DEC8E /* CoreDataController.swift in Sources */,
				E2DE98A61E645422008B4D78 /* Loader.swift in Sources */,
				E2D4BC391E64CCFC003DEC8E /* ServiceTracker.swift in Sources */,
				E2DE98A81E645573008B4D78 /* InstagramPhoto.swift in Sources */,
				E2DE98981E644875008B4D78 /* SearchResultsViewController.swift in Sources */,
				E2B846B11E658CE700570522 /* HeaderCollectionReusableView.swift in Sources */,
				E2B846B31E6590C400570522 /* FooterCollectionReusableView.swift in Sources */,
				E2DE98AB1E6481E9008B4D78 /* SearchResultsCollectionViewCell.swift in Sources */,
				E2DE98841E644049008B4D78 /* PhotoViewer.xcdatamodeld in Sources */,
				E2D4BC411E64EB96003DEC8E /* Photo.swift in Sources */,
				E2D4BC361E64C26A003DEC8E /* CD_SearchHistoryItem+CoreDataProperties.swift in Sources */,
				E2B846B51E65998800570522 /* HistoryTableViewCell.swift in Sources */,
				E24DC6AC1E65C8AC00C230AB /* Settings.swift in Sources */,
				E2DE989A1E644F20008B4D78 /* SessionManager.swift in Sources */,
				E2DE987C1E644049008B4D78 /* AppDelegate.swift in Sources */,
				E2D4BC3B1E64E6F4003DEC8E /* FlickrService.swift in Sources */,
				E2DE98A41E64523F008B4D78 /* Constants.swift in Sources */,
				E2DE98AE1E6484F9008B4D78 /* PhotoViewController.swift in Sources */,
			);
			runOnlyForDeploymentPostprocessing = 0;
		};
/* End PBXSourcesBuildPhase section */

/* Begin PBXVariantGroup section */
		E2DE98871E644049008B4D78 /* LaunchScreen.storyboard */ = {
			isa = PBXVariantGroup;
			children = (
				E2DE98881E644049008B4D78 /* Base */,
			);
			name = LaunchScreen.storyboard;
			sourceTree = "<group>";
		};
/* End PBXVariantGroup section */

/* Begin XCBuildConfiguration section */
		E2DE988B1E644049008B4D78 /* Debug */ = {
			isa = XCBuildConfiguration;
			buildSettings = {
				ALWAYS_SEARCH_USER_PATHS = NO;
				CLANG_ANALYZER_NONNULL = YES;
				CLANG_CXX_LANGUAGE_STANDARD = "gnu++0x";
				CLANG_CXX_LIBRARY = "libc++";
				CLANG_ENABLE_MODULES = YES;
				CLANG_ENABLE_OBJC_ARC = YES;
				CLANG_WARN_BOOL_CONVERSION = YES;
				CLANG_WARN_CONSTANT_CONVERSION = YES;
				CLANG_WARN_DIRECT_OBJC_ISA_USAGE = YES_ERROR;
				CLANG_WARN_EMPTY_BODY = YES;
				CLANG_WARN_ENUM_CONVERSION = YES;
				CLANG_WARN_INT_CONVERSION = YES;
				CLANG_WARN_OBJC_ROOT_CLASS = YES_ERROR;
				CLANG_WARN_UNREACHABLE_CODE = YES;
				CLANG_WARN__DUPLICATE_METHOD_MATCH = YES;
				"CODE_SIGN_IDENTITY[sdk=iphoneos*]" = "iPhone Developer";
				COPY_PHASE_STRIP = NO;
				DEBUG_INFORMATION_FORMAT = dwarf;
				ENABLE_STRICT_OBJC_MSGSEND = YES;
				ENABLE_TESTABILITY = YES;
				GCC_C_LANGUAGE_STANDARD = gnu99;
				GCC_DYNAMIC_NO_PIC = NO;
				GCC_NO_COMMON_BLOCKS = YES;
				GCC_OPTIMIZATION_LEVEL = 0;
				GCC_PREPROCESSOR_DEFINITIONS = (
					"DEBUG=1",
					"$(inherited)",
				);
				GCC_WARN_64_TO_32_BIT_CONVERSION = YES;
				GCC_WARN_ABOUT_RETURN_TYPE = YES_ERROR;
				GCC_WARN_UNDECLARED_SELECTOR = YES;
				GCC_WARN_UNINITIALIZED_AUTOS = YES_AGGRESSIVE;
				GCC_WARN_UNUSED_FUNCTION = YES;
				GCC_WARN_UNUSED_VARIABLE = YES;
				IPHONEOS_DEPLOYMENT_TARGET = 8.0;
				MTL_ENABLE_DEBUG_INFO = YES;
				ONLY_ACTIVE_ARCH = YES;
				SDKROOT = iphoneos;
				SWIFT_OPTIMIZATION_LEVEL = "-Onone";
			};
			name = Debug;
		};
		E2DE988C1E644049008B4D78 /* Release */ = {
			isa = XCBuildConfiguration;
			buildSettings = {
				ALWAYS_SEARCH_USER_PATHS = NO;
				CLANG_ANALYZER_NONNULL = YES;
				CLANG_CXX_LANGUAGE_STANDARD = "gnu++0x";
				CLANG_CXX_LIBRARY = "libc++";
				CLANG_ENABLE_MODULES = YES;
				CLANG_ENABLE_OBJC_ARC = YES;
				CLANG_WARN_BOOL_CONVERSION = YES;
				CLANG_WARN_CONSTANT_CONVERSION = YES;
				CLANG_WARN_DIRECT_OBJC_ISA_USAGE = YES_ERROR;
				CLANG_WARN_EMPTY_BODY = YES;
				CLANG_WARN_ENUM_CONVERSION = YES;
				CLANG_WARN_INT_CONVERSION = YES;
				CLANG_WARN_OBJC_ROOT_CLASS = YES_ERROR;
				CLANG_WARN_UNREACHABLE_CODE = YES;
				CLANG_WARN__DUPLICATE_METHOD_MATCH = YES;
				"CODE_SIGN_IDENTITY[sdk=iphoneos*]" = "iPhone Developer";
				COPY_PHASE_STRIP = NO;
				DEBUG_INFORMATION_FORMAT = "dwarf-with-dsym";
				ENABLE_NS_ASSERTIONS = NO;
				ENABLE_STRICT_OBJC_MSGSEND = YES;
				GCC_C_LANGUAGE_STANDARD = gnu99;
				GCC_NO_COMMON_BLOCKS = YES;
				GCC_WARN_64_TO_32_BIT_CONVERSION = YES;
				GCC_WARN_ABOUT_RETURN_TYPE = YES_ERROR;
				GCC_WARN_UNDECLARED_SELECTOR = YES;
				GCC_WARN_UNINITIALIZED_AUTOS = YES_AGGRESSIVE;
				GCC_WARN_UNUSED_FUNCTION = YES;
				GCC_WARN_UNUSED_VARIABLE = YES;
				IPHONEOS_DEPLOYMENT_TARGET = 8.0;
				MTL_ENABLE_DEBUG_INFO = NO;
				SDKROOT = iphoneos;
				VALIDATE_PRODUCT = YES;
			};
			name = Release;
		};
		E2DE988E1E644049008B4D78 /* Debug */ = {
			isa = XCBuildConfiguration;
			buildSettings = {
				ASSETCATALOG_COMPILER_APPICON_NAME = AppIcon;
				INFOPLIST_FILE = PhotoViewer/Info.plist;
				LD_RUNPATH_SEARCH_PATHS = "$(inherited) @executable_path/Frameworks";
				OTHER_SWIFT_FLAGS = "-D DEBUG";
				PRODUCT_BUNDLE_IDENTIFIER = com.kobashidevs.PhotoViewer;
				PRODUCT_NAME = "$(TARGET_NAME)";
			};
			name = Debug;
		};
		E2DE988F1E644049008B4D78 /* Release */ = {
			isa = XCBuildConfiguration;
			buildSettings = {
				ASSETCATALOG_COMPILER_APPICON_NAME = AppIcon;
				INFOPLIST_FILE = PhotoViewer/Info.plist;
				LD_RUNPATH_SEARCH_PATHS = "$(inherited) @executable_path/Frameworks";
				OTHER_SWIFT_FLAGS = "-D PROD";
				PRODUCT_BUNDLE_IDENTIFIER = com.kobashidevs.PhotoViewer;
				PRODUCT_NAME = "$(TARGET_NAME)";
			};
			name = Release;
		};
/* End XCBuildConfiguration section */

/* Begin XCConfigurationList section */
		E2DE98731E644049008B4D78 /* Build configuration list for PBXProject "PhotoViewer" */ = {
			isa = XCConfigurationList;
			buildConfigurations = (
				E2DE988B1E644049008B4D78 /* Debug */,
				E2DE988C1E644049008B4D78 /* Release */,
			);
			defaultConfigurationIsVisible = 0;
			defaultConfigurationName = Release;
		};
		E2DE988D1E644049008B4D78 /* Build configuration list for PBXNativeTarget "PhotoViewer" */ = {
			isa = XCConfigurationList;
			buildConfigurations = (
				E2DE988E1E644049008B4D78 /* Debug */,
				E2DE988F1E644049008B4D78 /* Release */,
			);
			defaultConfigurationIsVisible = 0;
			defaultConfigurationName = Release;
		};
/* End XCConfigurationList section */

/* Begin XCVersionGroup section */
		E2DE98821E644049008B4D78 /* PhotoViewer.xcdatamodeld */ = {
			isa = XCVersionGroup;
			children = (
				E2DE98831E644049008B4D78 /* PhotoViewer.xcdatamodel */,
			);
			currentVersion = E2DE98831E644049008B4D78 /* PhotoViewer.xcdatamodel */;
			path = PhotoViewer.xcdatamodeld;
			sourceTree = "<group>";
			versionGroupType = wrapper.xcdatamodel;
		};
/* End XCVersionGroup section */
	};
	rootObject = E2DE98701E644049008B4D78 /* Project object */;
}
